
Microsoft Visual Studio Solution File, Format Version 12.00
# Visual Studio 15
VisualStudioVersion = 15.0.28307.705
MinimumVisualStudioVersion = 10.0.40219.1
Project("{FAE04EC0-301F-11D3-BF4B-00C04F79EFBC}") = "C-Sharp practice", "C-Sharp practice\C-Sharp practice.csproj", "{1CA723E6-6C56-4B46-8455-8825E0F555A4}"
EndProject
Project("{FAE04EC0-301F-11D3-BF4B-00C04F79EFBC}") = "MyCalc", "MyCalc\MyCalc.csproj", "{CF191C60-5E41-4644-AD8E-0438483A1328}"
EndProject
Project("{FAE04EC0-301F-11D3-BF4B-00C04F79EFBC}") = "Buy Your Meal", "Buy Your Meal\Buy Your Meal.csproj", "{D53EB7D1-C983-4A14-A5CB-6C3042C26DA2}"
EndProject
Project("{FAE04EC0-301F-11D3-BF4B-00C04F79EFBC}") = "Shopping Cart", "WindowsFormsApp1\Shopping Cart.csproj", "{848D2653-8620-4077-8142-F0B5708B2386}"
EndProject
Project("{FAE04EC0-301F-11D3-BF4B-00C04F79EFBC}") = "Pearson", "Pearson\Pearson.csproj", "{E80EF553-DA18-4FDE-8A85-68B04BE135CC}"
EndProject
Project("{FAE04EC0-301F-11D3-BF4B-00C04F79EFBC}") = "Validate Credit Card", "Validate Credit Card\Validate Credit Card.csproj", "{350006F8-18D4-4F1E-8373-7539F440F919}"
EndProject
Global
	GlobalSection(SolutionConfigurationPlatforms) = preSolution
		Debug|Any CPU = Debug|Any CPU
		Release|Any CPU = Release|Any CPU
	EndGlobalSection
	GlobalSection(ProjectConfigurationPlatforms) = postSolution
		{1CA723E6-6C56-4B46-8455-8825E0F555A4}.Debug|Any CPU.ActiveCfg = Debug|Any CPU
		{1CA723E6-6C56-4B46-8455-8825E0F555A4}.Debug|Any CPU.Build.0 = Debug|Any CPU
		{1CA723E6-6C56-4B46-8455-8825E0F555A4}.Release|Any CPU.ActiveCfg = Release|Any CPU
		{1CA723E6-6C56-4B46-8455-8825E0F555A4}.Release|Any CPU.Build.0 = Release|Any CPU
		{CF191C60-5E41-4644-AD8E-0438483A1328}.Debug|Any CPU.ActiveCfg = Debug|Any CPU
		{CF191C60-5E41-4644-AD8E-0438483A1328}.Debug|Any CPU.Build.0 = Debug|Any CPU
		{CF191C60-5E41-4644-AD8E-0438483A1328}.Release|Any CPU.ActiveCfg = Release|Any CPU
		{CF191C60-5E41-4644-AD8E-0438483A1328}.Release|Any CPU.Build.0 = Release|Any CPU
		{D53EB7D1-C983-4A14-A5CB-6C3042C26DA2}.Debug|Any CPU.ActiveCfg = Debug|Any CPU
		{D53EB7D1-C983-4A14-A5CB-6C3042C26DA2}.Debug|Any CPU.Build.0 = Debug|Any CPU
		{D53EB7D1-C983-4A14-A5CB-6C3042C26DA2}.Release|Any CPU.ActiveCfg = Release|Any CPU
		{D53EB7D1-C983-4A14-A5CB-6C3042C26DA2}.Release|Any CPU.Build.0 = Release|Any CPU
		{848D2653-8620-4077-8142-F0B5708B2386}.Debug|Any CPU.ActiveCfg = Debug|Any CPU
		{848D2653-8620-4077-8142-F0B5708B2386}.Debug|Any CPU.Build.0 = Debug|Any CPU
		{848D2653-8620-4077-8142-F0B5708B2386}.Release|Any CPU.ActiveCfg = Release|Any CPU
		{848D2653-8620-4077-8142-F0B5708B2386}.Release|Any CPU.Build.0 = Release|Any CPU
		{E80EF553-DA18-4FDE-8A85-68B04BE135CC}.Debug|Any CPU.ActiveCfg = Debug|Any CPU
		{E80EF553-DA18-4FDE-8A85-68B04BE135CC}.Debug|Any CPU.Build.0 = Debug|Any CPU
		{E80EF553-DA18-4FDE-8A85-68B04BE135CC}.Release|Any CPU.ActiveCfg = Release|Any CPU
		{E80EF553-DA18-4FDE-8A85-68B04BE135CC}.Release|Any CPU.Build.0 = Release|Any CPU
		{350006F8-18D4-4F1E-8373-7539F440F919}.Debug|Any CPU.ActiveCfg = Debug|Any CPU
		{350006F8-18D4-4F1E-8373-7539F440F919}.Debug|Any CPU.Build.0 = Debug|Any CPU
		{350006F8-18D4-4F1E-8373-7539F440F919}.Release|Any CPU.ActiveCfg = Release|Any CPU
		{350006F8-18D4-4F1E-8373-7539F440F919}.Release|Any CPU.Build.0 = Release|Any CPU
	EndGlobalSection
	GlobalSection(SolutionProperties) = preSolution
		HideSolutionNode = FALSE
	EndGlobalSection
	GlobalSection(ExtensibilityGlobals) = postSolution
		SolutionGuid = {F76EDED9-06C3-420E-AAD6-62F9DD1E366F}
	EndGlobalSection
EndGlobal
