
Microsoft Visual Studio Solution File, Format Version 12.00
# Visual Studio 15
VisualStudioVersion = 15.0.28307.705
MinimumVisualStudioVersion = 10.0.40219.1
Project("{8BC9CEB8-8B4A-11D0-8D11-00A0C91BC942}") = "SkillAssure", "SkillAssure\SkillAssure.vcxproj", "{D95ACB19-4745-44D2-A44B-9CB18DB63FB4}"
EndProject
Global
	GlobalSection(SolutionConfigurationPlatforms) = preSolution
		Debug|x64 = Debug|x64
		Debug|x86 = Debug|x86
		Release|x64 = Release|x64
		Release|x86 = Release|x86
	EndGlobalSection
	GlobalSection(ProjectConfigurationPlatforms) = postSolution
		{D95ACB19-4745-44D2-A44B-9CB18DB63FB4}.Debug|x64.ActiveCfg = Debug|x64
		{D95ACB19-4745-44D2-A44B-9CB18DB63FB4}.Debug|x64.Build.0 = Debug|x64
		{D95ACB19-4745-44D2-A44B-9CB18DB63FB4}.Debug|x86.ActiveCfg = Debug|Win32
		{D95ACB19-4745-44D2-A44B-9CB18DB63FB4}.Debug|x86.Build.0 = Debug|Win32
		{D95ACB19-4745-44D2-A44B-9CB18DB63FB4}.Release|x64.ActiveCfg = Release|x64
		{D95ACB19-4745-44D2-A44B-9CB18DB63FB4}.Release|x64.Build.0 = Release|x64
		{D95ACB19-4745-44D2-A44B-9CB18DB63FB4}.Release|x86.ActiveCfg = Release|Win32
		{D95ACB19-4745-44D2-A44B-9CB18DB63FB4}.Release|x86.Build.0 = Release|Win32
	EndGlobalSection
	GlobalSection(SolutionProperties) = preSolution
		HideSolutionNode = FALSE
	EndGlobalSection
	GlobalSection(ExtensibilityGlobals) = postSolution
		SolutionGuid = {6807B6D2-3FD3-47DC-A3E0-16F6E104C5F9}
	EndGlobalSection
EndGlobal
